
Microsoft Visual Studio Solution File, Format Version 12.00
# Visual Studio Version 16
VisualStudioVersion = 16.0.30011.22
MinimumVisualStudioVersion = 10.0.40219.1
Project("{9A19103F-16F7-4668-BE54-9A1E7A4F7556}") = "DocuSign.MyHR", "DocuSign.MyHR\DocuSign.MyHR.csproj", "{F72C6C43-24A7-4787-81F8-95CCC3D19F39}"
EndProject
Project("{9A19103F-16F7-4668-BE54-9A1E7A4F7556}") = "DocuSign.MyHR.UnitTests", "DocuSign.MyHR.UnitTests\DocuSign.MyHR.UnitTests.csproj", "{687C5CB6-1B18-4EA4-844C-6CFEB301124B}"
EndProject
Global
	GlobalSection(SolutionConfigurationPlatforms) = preSolution
		Debug|Any CPU = Debug|Any CPU
		Release|Any CPU = Release|Any CPU
	EndGlobalSection
	GlobalSection(ProjectConfigurationPlatforms) = postSolution
		{F72C6C43-24A7-4787-81F8-95CCC3D19F39}.Debug|Any CPU.ActiveCfg = Debug|Any CPU
		{F72C6C43-24A7-4787-81F8-95CCC3D19F39}.Debug|Any CPU.Build.0 = Debug|Any CPU
		{F72C6C43-24A7-4787-81F8-95CCC3D19F39}.Release|Any CPU.ActiveCfg = Release|Any CPU
		{F72C6C43-24A7-4787-81F8-95CCC3D19F39}.Release|Any CPU.Build.0 = Release|Any CPU
		{687C5CB6-1B18-4EA4-844C-6CFEB301124B}.Debug|Any CPU.ActiveCfg = Debug|Any CPU
		{687C5CB6-1B18-4EA4-844C-6CFEB301124B}.Debug|Any CPU.Build.0 = Debug|Any CPU
		{687C5CB6-1B18-4EA4-844C-6CFEB301124B}.Release|Any CPU.ActiveCfg = Release|Any CPU
		{687C5CB6-1B18-4EA4-844C-6CFEB301124B}.Release|Any CPU.Build.0 = Release|Any CPU
	EndGlobalSection
	GlobalSection(SolutionProperties) = preSolution
		HideSolutionNode = FALSE
	EndGlobalSection
	GlobalSection(ExtensibilityGlobals) = postSolution
		SolutionGuid = {73E8E5E3-D58A-45D0-8C1B-CDA9F7C01167}
	EndGlobalSection
EndGlobal
